
Microsoft Visual Studio Solution File, Format Version 12.00
# Visual Studio Version 17
VisualStudioVersion = 17.10.35027.167
MinimumVisualStudioVersion = 10.0.40219.1
Project("{9A19103F-16F7-4668-BE54-9A1E7A4F7556}") = "FirstProject", "FirstProject.csproj", "{B79B95D0-D070-444A-8F5E-744A5A71300C}"
EndProject
Global
	GlobalSection(SolutionConfigurationPlatforms) = preSolution
		Debug|Any CPU = Debug|Any CPU
		Release|Any CPU = Release|Any CPU
	EndGlobalSection
	GlobalSection(ProjectConfigurationPlatforms) = postSolution
		{B79B95D0-D070-444A-8F5E-744A5A71300C}.Debug|Any CPU.ActiveCfg = Debug|Any CPU
		{B79B95D0-D070-444A-8F5E-744A5A71300C}.Debug|Any CPU.Build.0 = Debug|Any CPU
		{B79B95D0-D070-444A-8F5E-744A5A71300C}.Release|Any CPU.ActiveCfg = Release|Any CPU
		{B79B95D0-D070-444A-8F5E-744A5A71300C}.Release|Any CPU.Build.0 = Release|Any CPU
	EndGlobalSection
	GlobalSection(SolutionProperties) = preSolution
		HideSolutionNode = FALSE
	EndGlobalSection
	GlobalSection(ExtensibilityGlobals) = postSolution
		SolutionGuid = {4B7FAF88-68EC-49D9-BE73-C733470EF11A}
	EndGlobalSection
EndGlobal
